
Microsoft Visual Studio Solution File, Format Version 12.00
# Visual Studio Version 17
VisualStudioVersion = 17.10.35122.118
MinimumVisualStudioVersion = 10.0.40219.1
Project("{FAE04EC0-301F-11D3-BF4B-00C04F79EFBC}") = "exercicio-2-0608", "exercicio-2-0608\exercicio-2-0608.csproj", "{A053928C-174E-47D8-8CAF-B66905B9C689}"
EndProject
Global
	GlobalSection(SolutionConfigurationPlatforms) = preSolution
		Debug|Any CPU = Debug|Any CPU
		Release|Any CPU = Release|Any CPU
	EndGlobalSection
	GlobalSection(ProjectConfigurationPlatforms) = postSolution
		{A053928C-174E-47D8-8CAF-B66905B9C689}.Debug|Any CPU.ActiveCfg = Debug|Any CPU
		{A053928C-174E-47D8-8CAF-B66905B9C689}.Debug|Any CPU.Build.0 = Debug|Any CPU
		{A053928C-174E-47D8-8CAF-B66905B9C689}.Release|Any CPU.ActiveCfg = Release|Any CPU
		{A053928C-174E-47D8-8CAF-B66905B9C689}.Release|Any CPU.Build.0 = Release|Any CPU
	EndGlobalSection
	GlobalSection(SolutionProperties) = preSolution
		HideSolutionNode = FALSE
	EndGlobalSection
	GlobalSection(ExtensibilityGlobals) = postSolution
		SolutionGuid = {28B15EB9-1305-49AF-86ED-609525C09390}
	EndGlobalSection
EndGlobal
