
Microsoft Visual Studio Solution File, Format Version 12.00
# Visual Studio Version 17
VisualStudioVersion = 17.10.35122.118
MinimumVisualStudioVersion = 10.0.40219.1
Project("{FAE04EC0-301F-11D3-BF4B-00C04F79EFBC}") = "Aula 01.c#", "Aula 01.c#\Aula 01.c#.csproj", "{FDB98E99-E6C9-4489-B1AA-A232D9A981FC}"
EndProject
Global
	GlobalSection(SolutionConfigurationPlatforms) = preSolution
		Debug|Any CPU = Debug|Any CPU
		Release|Any CPU = Release|Any CPU
	EndGlobalSection
	GlobalSection(ProjectConfigurationPlatforms) = postSolution
		{FDB98E99-E6C9-4489-B1AA-A232D9A981FC}.Debug|Any CPU.ActiveCfg = Debug|Any CPU
		{FDB98E99-E6C9-4489-B1AA-A232D9A981FC}.Debug|Any CPU.Build.0 = Debug|Any CPU
		{FDB98E99-E6C9-4489-B1AA-A232D9A981FC}.Release|Any CPU.ActiveCfg = Release|Any CPU
		{FDB98E99-E6C9-4489-B1AA-A232D9A981FC}.Release|Any CPU.Build.0 = Release|Any CPU
	EndGlobalSection
	GlobalSection(SolutionProperties) = preSolution
		HideSolutionNode = FALSE
	EndGlobalSection
	GlobalSection(ExtensibilityGlobals) = postSolution
		SolutionGuid = {A2FEC483-A9F1-440B-BD0C-AAEE2EE8DB6E}
	EndGlobalSection
EndGlobal
